
Microsoft Visual Studio Solution File, Format Version 12.00
# Visual Studio Version 17
VisualStudioVersion = 17.8.34330.188
MinimumVisualStudioVersion = 10.0.40219.1
Project("{FAE04EC0-301F-11D3-BF4B-00C04F79EFBC}") = "TP_Cuatrimestral_equipo_20A", "TP_Cuatrimestral_equipo_20A.csproj", "{7E51905F-CE2F-4B2C-8484-0766C1CA451D}"
EndProject
Project("{FAE04EC0-301F-11D3-BF4B-00C04F79EFBC}") = "Dominio", "..\Dominio\Dominio.csproj", "{264251FB-6BA9-46CD-9906-46D8AD0CBF61}"
EndProject
Project("{FAE04EC0-301F-11D3-BF4B-00C04F79EFBC}") = "Negocio", "..\Negocio\Negocio.csproj", "{1B201985-43F7-4893-9CAF-27D69ECFE407}"
EndProject
Project("{FAE04EC0-301F-11D3-BF4B-00C04F79EFBC}") = "AppToolKit", "..\AppToolKit\AppToolKit.csproj", "{C9ADA50F-45B4-4522-8E48-D5C8389D9353}"
EndProject
Global
	GlobalSection(SolutionConfigurationPlatforms) = preSolution
		Debug|Any CPU = Debug|Any CPU
		Release|Any CPU = Release|Any CPU
	EndGlobalSection
	GlobalSection(ProjectConfigurationPlatforms) = postSolution
		{7E51905F-CE2F-4B2C-8484-0766C1CA451D}.Debug|Any CPU.ActiveCfg = Debug|Any CPU
		{7E51905F-CE2F-4B2C-8484-0766C1CA451D}.Debug|Any CPU.Build.0 = Debug|Any CPU
		{7E51905F-CE2F-4B2C-8484-0766C1CA451D}.Release|Any CPU.ActiveCfg = Release|Any CPU
		{7E51905F-CE2F-4B2C-8484-0766C1CA451D}.Release|Any CPU.Build.0 = Release|Any CPU
		{264251FB-6BA9-46CD-9906-46D8AD0CBF61}.Debug|Any CPU.ActiveCfg = Debug|Any CPU
		{264251FB-6BA9-46CD-9906-46D8AD0CBF61}.Debug|Any CPU.Build.0 = Debug|Any CPU
		{264251FB-6BA9-46CD-9906-46D8AD0CBF61}.Release|Any CPU.ActiveCfg = Release|Any CPU
		{264251FB-6BA9-46CD-9906-46D8AD0CBF61}.Release|Any CPU.Build.0 = Release|Any CPU
		{1B201985-43F7-4893-9CAF-27D69ECFE407}.Debug|Any CPU.ActiveCfg = Debug|Any CPU
		{1B201985-43F7-4893-9CAF-27D69ECFE407}.Debug|Any CPU.Build.0 = Debug|Any CPU
		{1B201985-43F7-4893-9CAF-27D69ECFE407}.Release|Any CPU.ActiveCfg = Release|Any CPU
		{1B201985-43F7-4893-9CAF-27D69ECFE407}.Release|Any CPU.Build.0 = Release|Any CPU
		{C9ADA50F-45B4-4522-8E48-D5C8389D9353}.Debug|Any CPU.ActiveCfg = Debug|Any CPU
		{C9ADA50F-45B4-4522-8E48-D5C8389D9353}.Debug|Any CPU.Build.0 = Debug|Any CPU
		{C9ADA50F-45B4-4522-8E48-D5C8389D9353}.Release|Any CPU.ActiveCfg = Release|Any CPU
		{C9ADA50F-45B4-4522-8E48-D5C8389D9353}.Release|Any CPU.Build.0 = Release|Any CPU
	EndGlobalSection
	GlobalSection(SolutionProperties) = preSolution
		HideSolutionNode = FALSE
	EndGlobalSection
	GlobalSection(ExtensibilityGlobals) = postSolution
		SolutionGuid = {B6D36255-0EC0-43E1-8EA2-3970DED65388}
	EndGlobalSection
EndGlobal
